
Microsoft Visual Studio Solution File, Format Version 12.00
# Visual Studio Version 17
VisualStudioVersion = 17.11.35222.181
MinimumVisualStudioVersion = 10.0.40219.1
Project("{FAE04EC0-301F-11D3-BF4B-00C04F79EFBC}") = "simpleAPI", "simpleAPI.csproj", "{EC669ED8-94FE-4834-8974-766ECD8E4998}"
EndProject
Global
	GlobalSection(SolutionConfigurationPlatforms) = preSolution
		Debug|Any CPU = Debug|Any CPU
		Release|Any CPU = Release|Any CPU
	EndGlobalSection
	GlobalSection(ProjectConfigurationPlatforms) = postSolution
		{EC669ED8-94FE-4834-8974-766ECD8E4998}.Debug|Any CPU.ActiveCfg = Debug|Any CPU
		{EC669ED8-94FE-4834-8974-766ECD8E4998}.Debug|Any CPU.Build.0 = Debug|Any CPU
		{EC669ED8-94FE-4834-8974-766ECD8E4998}.Release|Any CPU.ActiveCfg = Release|Any CPU
		{EC669ED8-94FE-4834-8974-766ECD8E4998}.Release|Any CPU.Build.0 = Release|Any CPU
	EndGlobalSection
	GlobalSection(SolutionProperties) = preSolution
		HideSolutionNode = FALSE
	EndGlobalSection
	GlobalSection(ExtensibilityGlobals) = postSolution
		SolutionGuid = {7A62EE7F-9CF4-4E34-8C54-345B9EE7AEF9}
	EndGlobalSection
EndGlobal
